
Microsoft Visual Studio Solution File, Format Version 12.00
# Visual Studio 15
VisualStudioVersion = 15.0.26228.9
MinimumVisualStudioVersion = 10.0.40219.1
Project("{FAE04EC0-301F-11D3-BF4B-00C04F79EFBC}") = "CacheDesign", "CacheDesign\CacheDesign.csproj", "{3CECFF49-7602-4B23-BB65-0F2BE27AC64A}"
EndProject
Project("{FAE04EC0-301F-11D3-BF4B-00C04F79EFBC}") = "CacheDesing.Cache", "CacheDesing.Cache\CacheDesing.Cache.csproj", "{89BDE235-8F9F-41A3-AC23-35D79653D1A3}"
EndProject
Global
	GlobalSection(SolutionConfigurationPlatforms) = preSolution
		Debug|Any CPU = Debug|Any CPU
		Release|Any CPU = Release|Any CPU
	EndGlobalSection
	GlobalSection(ProjectConfigurationPlatforms) = postSolution
		{3CECFF49-7602-4B23-BB65-0F2BE27AC64A}.Debug|Any CPU.ActiveCfg = Debug|Any CPU
		{3CECFF49-7602-4B23-BB65-0F2BE27AC64A}.Debug|Any CPU.Build.0 = Debug|Any CPU
		{3CECFF49-7602-4B23-BB65-0F2BE27AC64A}.Release|Any CPU.ActiveCfg = Release|Any CPU
		{3CECFF49-7602-4B23-BB65-0F2BE27AC64A}.Release|Any CPU.Build.0 = Release|Any CPU
		{89BDE235-8F9F-41A3-AC23-35D79653D1A3}.Debug|Any CPU.ActiveCfg = Debug|Any CPU
		{89BDE235-8F9F-41A3-AC23-35D79653D1A3}.Debug|Any CPU.Build.0 = Debug|Any CPU
		{89BDE235-8F9F-41A3-AC23-35D79653D1A3}.Release|Any CPU.ActiveCfg = Release|Any CPU
		{89BDE235-8F9F-41A3-AC23-35D79653D1A3}.Release|Any CPU.Build.0 = Release|Any CPU
	EndGlobalSection
	GlobalSection(SolutionProperties) = preSolution
		HideSolutionNode = FALSE
	EndGlobalSection
EndGlobal
